
Microsoft Visual Studio Solution File, Format Version 12.00
# Visual Studio Version 16
VisualStudioVersion = 16.0.30104.148
MinimumVisualStudioVersion = 10.0.40219.1
Project("{FAE04EC0-301F-11D3-BF4B-00C04F79EFBC}") = "CRUD01.Android", "CRUD01\CRUD01.Android\CRUD01.Android.csproj", "{C723ABDF-7BFA-40BE-A9CB-3EE069CF4488}"
EndProject
Project("{FAE04EC0-301F-11D3-BF4B-00C04F79EFBC}") = "CRUD01", "CRUD01\CRUD01\CRUD01.csproj", "{EA043364-3B86-41FA-9A7D-FD4D95709FAA}"
EndProject
Global
	GlobalSection(SolutionConfigurationPlatforms) = preSolution
		Debug|Any CPU = Debug|Any CPU
		Release|Any CPU = Release|Any CPU
	EndGlobalSection
	GlobalSection(ProjectConfigurationPlatforms) = postSolution
		{C723ABDF-7BFA-40BE-A9CB-3EE069CF4488}.Debug|Any CPU.ActiveCfg = Debug|Any CPU
		{C723ABDF-7BFA-40BE-A9CB-3EE069CF4488}.Debug|Any CPU.Build.0 = Debug|Any CPU
		{C723ABDF-7BFA-40BE-A9CB-3EE069CF4488}.Debug|Any CPU.Deploy.0 = Debug|Any CPU
		{C723ABDF-7BFA-40BE-A9CB-3EE069CF4488}.Release|Any CPU.ActiveCfg = Release|Any CPU
		{C723ABDF-7BFA-40BE-A9CB-3EE069CF4488}.Release|Any CPU.Build.0 = Release|Any CPU
		{C723ABDF-7BFA-40BE-A9CB-3EE069CF4488}.Release|Any CPU.Deploy.0 = Release|Any CPU
		{EA043364-3B86-41FA-9A7D-FD4D95709FAA}.Debug|Any CPU.ActiveCfg = Debug|Any CPU
		{EA043364-3B86-41FA-9A7D-FD4D95709FAA}.Debug|Any CPU.Build.0 = Debug|Any CPU
		{EA043364-3B86-41FA-9A7D-FD4D95709FAA}.Debug|Any CPU.Deploy.0 = Debug|Any CPU
		{EA043364-3B86-41FA-9A7D-FD4D95709FAA}.Release|Any CPU.ActiveCfg = Release|Any CPU
		{EA043364-3B86-41FA-9A7D-FD4D95709FAA}.Release|Any CPU.Build.0 = Release|Any CPU
		{EA043364-3B86-41FA-9A7D-FD4D95709FAA}.Release|Any CPU.Deploy.0 = Release|Any CPU
	EndGlobalSection
	GlobalSection(SolutionProperties) = preSolution
		HideSolutionNode = FALSE
	EndGlobalSection
	GlobalSection(ExtensibilityGlobals) = postSolution
		SolutionGuid = {533A8D24-5F28-4A7F-ABA4-B678C94F22CB}
	EndGlobalSection
EndGlobal
